
Microsoft Visual Studio Solution File, Format Version 12.00
# Visual Studio Version 17
VisualStudioVersion = 17.9.34701.34
MinimumVisualStudioVersion = 10.0.40219.1
Project("{FAE04EC0-301F-11D3-BF4B-00C04F79EFBC}") = "bsuPizza", "bsuPizza\bsuPizza.csproj", "{DBC130B8-22FD-4F2A-8004-EEAEAA32B000}"
EndProject
Global
	GlobalSection(SolutionConfigurationPlatforms) = preSolution
		Debug|Any CPU = Debug|Any CPU
		Release|Any CPU = Release|Any CPU
	EndGlobalSection
	GlobalSection(ProjectConfigurationPlatforms) = postSolution
		{DBC130B8-22FD-4F2A-8004-EEAEAA32B000}.Debug|Any CPU.ActiveCfg = Debug|Any CPU
		{DBC130B8-22FD-4F2A-8004-EEAEAA32B000}.Debug|Any CPU.Build.0 = Debug|Any CPU
		{DBC130B8-22FD-4F2A-8004-EEAEAA32B000}.Release|Any CPU.ActiveCfg = Release|Any CPU
		{DBC130B8-22FD-4F2A-8004-EEAEAA32B000}.Release|Any CPU.Build.0 = Release|Any CPU
	EndGlobalSection
	GlobalSection(SolutionProperties) = preSolution
		HideSolutionNode = FALSE
	EndGlobalSection
	GlobalSection(ExtensibilityGlobals) = postSolution
		SolutionGuid = {4EBB2660-64A4-4FB1-8B52-9F48F3937E0A}
	EndGlobalSection
EndGlobal
